
Microsoft Visual Studio Solution File, Format Version 12.00
# Visual Studio Version 17
VisualStudioVersion = 17.5.33530.505
MinimumVisualStudioVersion = 10.0.40219.1
Project("{FAE04EC0-301F-11D3-BF4B-00C04F79EFBC}") = "AuthService", "AuthService.csproj", "{A94C2594-7166-4727-9982-2688676F4156}"
EndProject
Global
	GlobalSection(SolutionConfigurationPlatforms) = preSolution
		Debug|Any CPU = Debug|Any CPU
		Release|Any CPU = Release|Any CPU
	EndGlobalSection
	GlobalSection(ProjectConfigurationPlatforms) = postSolution
		{A94C2594-7166-4727-9982-2688676F4156}.Debug|Any CPU.ActiveCfg = Debug|Any CPU
		{A94C2594-7166-4727-9982-2688676F4156}.Debug|Any CPU.Build.0 = Debug|Any CPU
		{A94C2594-7166-4727-9982-2688676F4156}.Release|Any CPU.ActiveCfg = Release|Any CPU
		{A94C2594-7166-4727-9982-2688676F4156}.Release|Any CPU.Build.0 = Release|Any CPU
	EndGlobalSection
	GlobalSection(SolutionProperties) = preSolution
		HideSolutionNode = FALSE
	EndGlobalSection
	GlobalSection(ExtensibilityGlobals) = postSolution
		SolutionGuid = {109B3E21-2C41-420E-8E15-8C422F2E1ABA}
	EndGlobalSection
EndGlobal
